
Microsoft Visual Studio Solution File, Format Version 12.00
# Visual Studio Version 17
VisualStudioVersion = 17.0.31919.166
MinimumVisualStudioVersion = 10.0.40219.1
Project("{9A19103F-16F7-4668-BE54-9A1E7A4F7556}") = "Data", "Data\Data.csproj", "{AA5930BD-78D1-4455-A69C-56A6C5D9CB97}"
EndProject
Project("{9A19103F-16F7-4668-BE54-9A1E7A4F7556}") = "SampleData", "SampleData\SampleData.csproj", "{CF95971E-6A1B-4D08-9C52-890A0826C754}"
EndProject
Project("{9A19103F-16F7-4668-BE54-9A1E7A4F7556}") = "PrismApp", "PrismApp\PrismApp.csproj", "{2892A16B-9B7B-48F1-9BAC-43C0B9928595}"
EndProject
Project("{9A19103F-16F7-4668-BE54-9A1E7A4F7556}") = "WebApp", "WebApp\WebApp.csproj", "{A7581915-93A1-408F-AD21-37D0F399ED30}"
EndProject
Project("{9A19103F-16F7-4668-BE54-9A1E7A4F7556}") = "Common", "Common\Common.csproj", "{9B263694-6DB7-4A29-A223-3B46879B1246}"
EndProject
Project("{2150E333-8FDC-42A3-9474-1A3956D46DE8}") = "Solution Items", "Solution Items", "{549B289B-8986-4EB8-A026-75BB3CC91FB3}"
	ProjectSection(SolutionItems) = preProject
		appsettings.json = appsettings.json
	EndProjectSection
EndProject
Global
	GlobalSection(SolutionConfigurationPlatforms) = preSolution
		Debug|Any CPU = Debug|Any CPU
		Release|Any CPU = Release|Any CPU
	EndGlobalSection
	GlobalSection(ProjectConfigurationPlatforms) = postSolution
		{AA5930BD-78D1-4455-A69C-56A6C5D9CB97}.Debug|Any CPU.ActiveCfg = Debug|Any CPU
		{AA5930BD-78D1-4455-A69C-56A6C5D9CB97}.Debug|Any CPU.Build.0 = Debug|Any CPU
		{AA5930BD-78D1-4455-A69C-56A6C5D9CB97}.Release|Any CPU.ActiveCfg = Release|Any CPU
		{AA5930BD-78D1-4455-A69C-56A6C5D9CB97}.Release|Any CPU.Build.0 = Release|Any CPU
		{CF95971E-6A1B-4D08-9C52-890A0826C754}.Debug|Any CPU.ActiveCfg = Debug|Any CPU
		{CF95971E-6A1B-4D08-9C52-890A0826C754}.Debug|Any CPU.Build.0 = Debug|Any CPU
		{CF95971E-6A1B-4D08-9C52-890A0826C754}.Release|Any CPU.ActiveCfg = Release|Any CPU
		{CF95971E-6A1B-4D08-9C52-890A0826C754}.Release|Any CPU.Build.0 = Release|Any CPU
		{2892A16B-9B7B-48F1-9BAC-43C0B9928595}.Debug|Any CPU.ActiveCfg = Debug|Any CPU
		{2892A16B-9B7B-48F1-9BAC-43C0B9928595}.Debug|Any CPU.Build.0 = Debug|Any CPU
		{2892A16B-9B7B-48F1-9BAC-43C0B9928595}.Release|Any CPU.ActiveCfg = Release|Any CPU
		{2892A16B-9B7B-48F1-9BAC-43C0B9928595}.Release|Any CPU.Build.0 = Release|Any CPU
		{A7581915-93A1-408F-AD21-37D0F399ED30}.Debug|Any CPU.ActiveCfg = Debug|Any CPU
		{A7581915-93A1-408F-AD21-37D0F399ED30}.Debug|Any CPU.Build.0 = Debug|Any CPU
		{A7581915-93A1-408F-AD21-37D0F399ED30}.Release|Any CPU.ActiveCfg = Release|Any CPU
		{A7581915-93A1-408F-AD21-37D0F399ED30}.Release|Any CPU.Build.0 = Release|Any CPU
		{9B263694-6DB7-4A29-A223-3B46879B1246}.Debug|Any CPU.ActiveCfg = Debug|Any CPU
		{9B263694-6DB7-4A29-A223-3B46879B1246}.Debug|Any CPU.Build.0 = Debug|Any CPU
		{9B263694-6DB7-4A29-A223-3B46879B1246}.Release|Any CPU.ActiveCfg = Release|Any CPU
		{9B263694-6DB7-4A29-A223-3B46879B1246}.Release|Any CPU.Build.0 = Release|Any CPU
	EndGlobalSection
	GlobalSection(SolutionProperties) = preSolution
		HideSolutionNode = FALSE
	EndGlobalSection
	GlobalSection(ExtensibilityGlobals) = postSolution
		SolutionGuid = {754C74D6-E513-4CD8-B683-E2CD7226AF45}
	EndGlobalSection
EndGlobal
